
Microsoft Visual Studio Solution File, Format Version 12.00
# Visual Studio 15
VisualStudioVersion = 15.0.27703.2035
MinimumVisualStudioVersion = 10.0.40219.1
Project("{FAE04EC0-301F-11D3-BF4B-00C04F79EFBC}") = "Algorithms", "Algorithms.csproj", "{7DAD8B1A-5085-4334-9095-F238FFEC448F}"
EndProject
Project("{FAE04EC0-301F-11D3-BF4B-00C04F79EFBC}") = "UnitTesting", "..\UnitTesting\UnitTesting.csproj", "{66581C85-4D3F-47DA-ACB0-470E44C120E5}"
EndProject
Global
	GlobalSection(SolutionConfigurationPlatforms) = preSolution
		Debug|Any CPU = Debug|Any CPU
		Release|Any CPU = Release|Any CPU
	EndGlobalSection
	GlobalSection(ProjectConfigurationPlatforms) = postSolution
		{7DAD8B1A-5085-4334-9095-F238FFEC448F}.Debug|Any CPU.ActiveCfg = Debug|Any CPU
		{7DAD8B1A-5085-4334-9095-F238FFEC448F}.Debug|Any CPU.Build.0 = Debug|Any CPU
		{7DAD8B1A-5085-4334-9095-F238FFEC448F}.Release|Any CPU.ActiveCfg = Release|Any CPU
		{7DAD8B1A-5085-4334-9095-F238FFEC448F}.Release|Any CPU.Build.0 = Release|Any CPU
		{66581C85-4D3F-47DA-ACB0-470E44C120E5}.Debug|Any CPU.ActiveCfg = Debug|Any CPU
		{66581C85-4D3F-47DA-ACB0-470E44C120E5}.Debug|Any CPU.Build.0 = Debug|Any CPU
		{66581C85-4D3F-47DA-ACB0-470E44C120E5}.Release|Any CPU.ActiveCfg = Release|Any CPU
		{66581C85-4D3F-47DA-ACB0-470E44C120E5}.Release|Any CPU.Build.0 = Release|Any CPU
	EndGlobalSection
	GlobalSection(SolutionProperties) = preSolution
		HideSolutionNode = FALSE
	EndGlobalSection
	GlobalSection(ExtensibilityGlobals) = postSolution
		SolutionGuid = {758CF428-0735-4369-AC46-9DD3E559DEDE}
	EndGlobalSection
EndGlobal
